// !$*UTF8*$!
{
	archiveVersion = 1;
	classes = {
	};
	objectVersion = 77;
	objects = {

/* Begin PBXBuildFile section */
		3CDD08922F59FBD700535751 /* Theme.swift in Sources */ = {isa = PBXBuildFile; fileRef = 3CDD08902F59FBD700535751 /* Theme.swift */; };
		3CDD08962F59FD5E00535751 /* BoardedApp.swift in Sources */ = {isa = PBXBuildFile; fileRef = 3CDD08942F59FD5E00535751 /* BoardedApp.swift */; };
		3CDD08982F59FD5E00535751 /* Assets.xcassets in Resources */ = {isa = PBXBuildFile; fileRef = 3CDD08932F59FD5E00535751 /* Assets.xcassets */; };
		3CDD089A2F59FD6900535751 /* RootView.swift in Sources */ = {isa = PBXBuildFile; fileRef = 3CDD08992F59FD6900535751 /* RootView.swift */; };
		3CDD08C72F5A00C800535751 /* Supabase in Frameworks */ = {isa = PBXBuildFile; productRef = 3CDD08C62F5A00C800535751 /* Supabase */; };
		3CDD08C92F5A064A00535751 /* SupabaseConfig.swift in Sources */ = {isa = PBXBuildFile; fileRef = 3CDD08C82F5A064A00535751 /* SupabaseConfig.swift */; };
		3CDD08CB2F5A067100535751 /* ProfileModels.swift in Sources */ = {isa = PBXBuildFile; fileRef = 3CDD08CA2F5A067100535751 /* ProfileModels.swift */; };
		3CDD09112F5A200100535751 /* ProfileRepository.swift in Sources */ = {isa = PBXBuildFile; fileRef = 3CDD09102F5A200100535751 /* ProfileRepository.swift */; };
		3CDD09132F5A200100535751 /* ProfileStatistics.swift in Sources */ = {isa = PBXBuildFile; fileRef = 3CDD09122F5A200100535751 /* ProfileStatistics.swift */; };
		3CDD08D12F5A06EE00535751 /* Auth in Frameworks */ = {isa = PBXBuildFile; productRef = 3CDD08D02F5A06EE00535751 /* Auth */; };
		3CDD08D32F5A06EE00535751 /* Functions in Frameworks */ = {isa = PBXBuildFile; productRef = 3CDD08D22F5A06EE00535751 /* Functions */; };
		3CDD08D52F5A06EE00535751 /* PostgREST in Frameworks */ = {isa = PBXBuildFile; productRef = 3CDD08D42F5A06EE00535751 /* PostgREST */; };
		3CDD08D72F5A06EE00535751 /* Realtime in Frameworks */ = {isa = PBXBuildFile; productRef = 3CDD08D62F5A06EE00535751 /* Realtime */; };
		3CDD08D92F5A06EE00535751 /* Storage in Frameworks */ = {isa = PBXBuildFile; productRef = 3CDD08D82F5A06EE00535751 /* Storage */; };
		3CDD08EE2F5A072900535751 /* SearchField.swift in Sources */ = {isa = PBXBuildFile; fileRef = 3CDD08EA2F5A072900535751 /* SearchField.swift */; };
		3CDD08FF2F5A0A0300535751 /* AppSession.swift in Sources */ = {isa = PBXBuildFile; fileRef = 3CDD08F72F5A0A0300535751 /* AppSession.swift */; };
		3CDD09152F5A200100535751 /* ProfileStatisticsTests.swift in Sources */ = {isa = PBXBuildFile; fileRef = 3CDD09142F5A200100535751 /* ProfileStatisticsTests.swift */; };
		AA1100202F5B000100535751 /* NativeContractTests.swift in Sources */ = {isa = PBXBuildFile; fileRef = AA1100212F5B000100535751 /* NativeContractTests.swift */; };
		AA1100422F5B000100535751 /* CormorantGaramond-SemiBoldItalic.ttf in Resources */ = {isa = PBXBuildFile; fileRef = AA1100402F5B000100535751 /* CormorantGaramond-SemiBoldItalic.ttf */; };
		AA1100432F5B000100535751 /* Cormorant-Garamond-OFL.txt in Resources */ = {isa = PBXBuildFile; fileRef = AA1100412F5B000100535751 /* Cormorant-Garamond-OFL.txt */; };
		BB2200032F5C000100535751 /* BoardedPrimitives.swift in Sources */ = {isa = PBXBuildFile; fileRef = BB2200132F5C000100535751 /* BoardedPrimitives.swift */; };
		CC1100022F5D000100535751 /* SocialModels.swift in Sources */ = {isa = PBXBuildFile; fileRef = CC1100012F5D000100535751 /* SocialModels.swift */; };
		CC1100042F5D000100535751 /* GradeCatalog.swift in Sources */ = {isa = PBXBuildFile; fileRef = CC1100032F5D000100535751 /* GradeCatalog.swift */; };
		CC1100062F5D000100535751 /* AppServices.swift in Sources */ = {isa = PBXBuildFile; fileRef = CC1100052F5D000100535751 /* AppServices.swift */; };
		CC1100082F5D000100535751 /* SessionRepository.swift in Sources */ = {isa = PBXBuildFile; fileRef = CC1100072F5D000100535751 /* SessionRepository.swift */; };
		CC11000A2F5D000100535751 /* FeedRepository.swift in Sources */ = {isa = PBXBuildFile; fileRef = CC1100092F5D000100535751 /* FeedRepository.swift */; };
		CC11000C2F5D000100535751 /* MeetupRepository.swift in Sources */ = {isa = PBXBuildFile; fileRef = CC11000B2F5D000100535751 /* MeetupRepository.swift */; };
		CC11000E2F5D000100535751 /* SessionSyncService.swift in Sources */ = {isa = PBXBuildFile; fileRef = CC11000D2F5D000100535751 /* SessionSyncService.swift */; };
		CC1100102F5D000100535751 /* PendingModels.swift in Sources */ = {isa = PBXBuildFile; fileRef = CC11000F2F5D000100535751 /* PendingModels.swift */; };
		CC1100122F5D000100535751 /* HomeFeedViewModel.swift in Sources */ = {isa = PBXBuildFile; fileRef = CC1100112F5D000100535751 /* HomeFeedViewModel.swift */; };
		CC1100142F5D000100535751 /* SessionLoggerViewModel.swift in Sources */ = {isa = PBXBuildFile; fileRef = CC1100132F5D000100535751 /* SessionLoggerViewModel.swift */; };
		CC1100162F5D000100535751 /* SessionPostDetailViewModel.swift in Sources */ = {isa = PBXBuildFile; fileRef = CC1100152F5D000100535751 /* SessionPostDetailViewModel.swift */; };
		CC1100182F5D000100535751 /* MeetupsViewModel.swift in Sources */ = {isa = PBXBuildFile; fileRef = CC1100172F5D000100535751 /* MeetupsViewModel.swift */; };
		DD0000022F70000100535751 /* Formatting.swift in Sources */ = {isa = PBXBuildFile; fileRef = DD0001022F70000100535751 /* Formatting.swift */; };
		DD0000032F70000100535751 /* AuthenticationView.swift in Sources */ = {isa = PBXBuildFile; fileRef = DD0001032F70000100535751 /* AuthenticationView.swift */; };
		DD0000042F70000100535751 /* SessionPostCard.swift in Sources */ = {isa = PBXBuildFile; fileRef = DD0001042F70000100535751 /* SessionPostCard.swift */; };
		DD0000052F70000100535751 /* HomeFeedView.swift in Sources */ = {isa = PBXBuildFile; fileRef = DD0001052F70000100535751 /* HomeFeedView.swift */; };
		DD0000062F70000100535751 /* SessionPostDetailView.swift in Sources */ = {isa = PBXBuildFile; fileRef = DD0001062F70000100535751 /* SessionPostDetailView.swift */; };
		DD0000072F70000100535751 /* ActiveSessionStore.swift in Sources */ = {isa = PBXBuildFile; fileRef = DD0001072F70000100535751 /* ActiveSessionStore.swift */; };
		DD0000082F70000100535751 /* LogViews.swift in Sources */ = {isa = PBXBuildFile; fileRef = DD0001082F70000100535751 /* LogViews.swift */; };
		DD0000092F70000100535751 /* ShareSessionComposer.swift in Sources */ = {isa = PBXBuildFile; fileRef = DD0001092F70000100535751 /* ShareSessionComposer.swift */; };
		DD00000A2F70000100535751 /* MeetupViews.swift in Sources */ = {isa = PBXBuildFile; fileRef = DD00010A2F70000100535751 /* MeetupViews.swift */; };
		DD00000B2F70000100535751 /* ProfileViews.swift in Sources */ = {isa = PBXBuildFile; fileRef = DD00010B2F70000100535751 /* ProfileViews.swift */; };
		DD00000C2F70000100535751 /* UITestFixtures.swift in Sources */ = {isa = PBXBuildFile; fileRef = DD00010C2F70000100535751 /* UITestFixtures.swift */; };
		AA1100102F5B000100535751 /* BoardedUITests.swift in Sources */ = {isa = PBXBuildFile; fileRef = AA1100112F5B000100535751 /* BoardedUITests.swift */; };
/* End PBXBuildFile section */

/* Begin PBXContainerItemProxy section */
		3CDD09212F5A200100535751 /* PBXContainerItemProxy */ = {
			isa = PBXContainerItemProxy;
			containerPortal = 3CDD081B2F59F69800535751 /* Project object */;
			proxyType = 1;
			remoteGlobalIDString = 3CDD08222F59F69800535751;
			remoteInfo = Boarded;
		};
		AA1100192F5B000100535751 /* PBXContainerItemProxy */ = {
			isa = PBXContainerItemProxy;
			containerPortal = 3CDD081B2F59F69800535751 /* Project object */;
			proxyType = 1;
			remoteGlobalIDString = 3CDD08222F59F69800535751;
			remoteInfo = Boarded;
		};
/* End PBXContainerItemProxy section */

/* Begin PBXFileReference section */
		3CDD08232F59F69900535751 /* Boarded.app */ = {isa = PBXFileReference; explicitFileType = wrapper.application; includeInIndex = 0; path = Boarded.app; sourceTree = BUILT_PRODUCTS_DIR; };
		3CDD08902F59FBD700535751 /* Theme.swift */ = {isa = PBXFileReference; lastKnownFileType = sourcecode.swift; name = Theme.swift; path = Boarded/Theme.swift; sourceTree = "<group>"; };
		3CDD08932F59FD5E00535751 /* Assets.xcassets */ = {isa = PBXFileReference; lastKnownFileType = folder.assetcatalog; name = Assets.xcassets; path = Boarded/Assets.xcassets; sourceTree = "<group>"; };
		3CDD08942F59FD5E00535751 /* BoardedApp.swift */ = {isa = PBXFileReference; lastKnownFileType = sourcecode.swift; name = BoardedApp.swift; path = Boarded/BoardedApp.swift; sourceTree = "<group>"; };
		3CDD08992F59FD6900535751 /* RootView.swift */ = {isa = PBXFileReference; lastKnownFileType = sourcecode.swift; name = RootView.swift; path = Boarded/RootView.swift; sourceTree = "<group>"; };
		3CDD09102F5A200100535751 /* ProfileRepository.swift */ = {isa = PBXFileReference; lastKnownFileType = sourcecode.swift; path = ProfileRepository.swift; sourceTree = "<group>"; };
		3CDD09122F5A200100535751 /* ProfileStatistics.swift */ = {isa = PBXFileReference; lastKnownFileType = sourcecode.swift; path = ProfileStatistics.swift; sourceTree = "<group>"; };
		3CDD08C82F5A064A00535751 /* SupabaseConfig.swift */ = {isa = PBXFileReference; lastKnownFileType = sourcecode.swift; path = SupabaseConfig.swift; sourceTree = "<group>"; };
		3CDD08CA2F5A067100535751 /* ProfileModels.swift */ = {isa = PBXFileReference; lastKnownFileType = sourcecode.swift; path = ProfileModels.swift; sourceTree = "<group>"; };
		3CDD08EA2F5A072900535751 /* SearchField.swift */ = {isa = PBXFileReference; lastKnownFileType = sourcecode.swift; path = SearchField.swift; sourceTree = "<group>"; };
		3CDD09142F5A200100535751 /* ProfileStatisticsTests.swift */ = {isa = PBXFileReference; lastKnownFileType = sourcecode.swift; path = ProfileStatisticsTests.swift; sourceTree = "<group>"; };
		AA1100212F5B000100535751 /* NativeContractTests.swift */ = {isa = PBXFileReference; lastKnownFileType = sourcecode.swift; path = NativeContractTests.swift; sourceTree = "<group>"; };
		3CDD09192F5A200100535751 /* BoardedTests.xctest */ = {isa = PBXFileReference; explicitFileType = wrapper.cfbundle; includeInIndex = 0; path = BoardedTests.xctest; sourceTree = BUILT_PRODUCTS_DIR; };
		3CDD08F72F5A0A0300535751 /* AppSession.swift */ = {isa = PBXFileReference; lastKnownFileType = sourcecode.swift; path = AppSession.swift; sourceTree = "<group>"; };
		AA1100402F5B000100535751 /* CormorantGaramond-SemiBoldItalic.ttf */ = {isa = PBXFileReference; lastKnownFileType = file; name = "CormorantGaramond-SemiBoldItalic.ttf"; path = "Boarded/CormorantGaramond-SemiBoldItalic.ttf"; sourceTree = "<group>"; };
		AA1100412F5B000100535751 /* Cormorant-Garamond-OFL.txt */ = {isa = PBXFileReference; lastKnownFileType = text; name = "Cormorant-Garamond-OFL.txt"; path = "Boarded/Cormorant-Garamond-OFL.txt"; sourceTree = "<group>"; };
		BB2200132F5C000100535751 /* BoardedPrimitives.swift */ = {isa = PBXFileReference; lastKnownFileType = sourcecode.swift; path = BoardedPrimitives.swift; sourceTree = "<group>"; };
		CC1100012F5D000100535751 /* SocialModels.swift */ = {isa = PBXFileReference; lastKnownFileType = sourcecode.swift; path = SocialModels.swift; sourceTree = "<group>"; };
		CC1100032F5D000100535751 /* GradeCatalog.swift */ = {isa = PBXFileReference; lastKnownFileType = sourcecode.swift; path = GradeCatalog.swift; sourceTree = "<group>"; };
		CC1100052F5D000100535751 /* AppServices.swift */ = {isa = PBXFileReference; lastKnownFileType = sourcecode.swift; path = AppServices.swift; sourceTree = "<group>"; };
		CC1100072F5D000100535751 /* SessionRepository.swift */ = {isa = PBXFileReference; lastKnownFileType = sourcecode.swift; path = SessionRepository.swift; sourceTree = "<group>"; };
		CC1100092F5D000100535751 /* FeedRepository.swift */ = {isa = PBXFileReference; lastKnownFileType = sourcecode.swift; path = FeedRepository.swift; sourceTree = "<group>"; };
		CC11000B2F5D000100535751 /* MeetupRepository.swift */ = {isa = PBXFileReference; lastKnownFileType = sourcecode.swift; path = MeetupRepository.swift; sourceTree = "<group>"; };
		CC11000D2F5D000100535751 /* SessionSyncService.swift */ = {isa = PBXFileReference; lastKnownFileType = sourcecode.swift; path = SessionSyncService.swift; sourceTree = "<group>"; };
		CC11000F2F5D000100535751 /* PendingModels.swift */ = {isa = PBXFileReference; lastKnownFileType = sourcecode.swift; path = PendingModels.swift; sourceTree = "<group>"; };
		CC1100112F5D000100535751 /* HomeFeedViewModel.swift */ = {isa = PBXFileReference; lastKnownFileType = sourcecode.swift; path = HomeFeedViewModel.swift; sourceTree = "<group>"; };
		CC1100132F5D000100535751 /* SessionLoggerViewModel.swift */ = {isa = PBXFileReference; lastKnownFileType = sourcecode.swift; path = SessionLoggerViewModel.swift; sourceTree = "<group>"; };
		CC1100152F5D000100535751 /* SessionPostDetailViewModel.swift */ = {isa = PBXFileReference; lastKnownFileType = sourcecode.swift; path = SessionPostDetailViewModel.swift; sourceTree = "<group>"; };
		CC1100172F5D000100535751 /* MeetupsViewModel.swift */ = {isa = PBXFileReference; lastKnownFileType = sourcecode.swift; path = MeetupsViewModel.swift; sourceTree = "<group>"; };
		DD0001022F70000100535751 /* Formatting.swift */ = {isa = PBXFileReference; lastKnownFileType = sourcecode.swift; name = Formatting.swift; path = Shared/Formatting.swift; sourceTree = "<group>"; };
		DD0001032F70000100535751 /* AuthenticationView.swift */ = {isa = PBXFileReference; lastKnownFileType = sourcecode.swift; name = AuthenticationView.swift; path = Auth/AuthenticationView.swift; sourceTree = "<group>"; };
		DD0001042F70000100535751 /* SessionPostCard.swift */ = {isa = PBXFileReference; lastKnownFileType = sourcecode.swift; name = SessionPostCard.swift; path = Home/SessionPostCard.swift; sourceTree = "<group>"; };
		DD0001052F70000100535751 /* HomeFeedView.swift */ = {isa = PBXFileReference; lastKnownFileType = sourcecode.swift; name = HomeFeedView.swift; path = Home/HomeFeedView.swift; sourceTree = "<group>"; };
		DD0001062F70000100535751 /* SessionPostDetailView.swift */ = {isa = PBXFileReference; lastKnownFileType = sourcecode.swift; name = SessionPostDetailView.swift; path = Home/SessionPostDetailView.swift; sourceTree = "<group>"; };
		DD0001072F70000100535751 /* ActiveSessionStore.swift */ = {isa = PBXFileReference; lastKnownFileType = sourcecode.swift; name = ActiveSessionStore.swift; path = Log/ActiveSessionStore.swift; sourceTree = "<group>"; };
		DD0001082F70000100535751 /* LogViews.swift */ = {isa = PBXFileReference; lastKnownFileType = sourcecode.swift; name = LogViews.swift; path = Log/LogViews.swift; sourceTree = "<group>"; };
		DD0001092F70000100535751 /* ShareSessionComposer.swift */ = {isa = PBXFileReference; lastKnownFileType = sourcecode.swift; name = ShareSessionComposer.swift; path = Share/ShareSessionComposer.swift; sourceTree = "<group>"; };
		DD00010A2F70000100535751 /* MeetupViews.swift */ = {isa = PBXFileReference; lastKnownFileType = sourcecode.swift; name = MeetupViews.swift; path = Meetups/MeetupViews.swift; sourceTree = "<group>"; };
		DD00010B2F70000100535751 /* ProfileViews.swift */ = {isa = PBXFileReference; lastKnownFileType = sourcecode.swift; name = ProfileViews.swift; path = Profile/ProfileViews.swift; sourceTree = "<group>"; };
		DD00010C2F70000100535751 /* UITestFixtures.swift */ = {isa = PBXFileReference; lastKnownFileType = sourcecode.swift; name = UITestFixtures.swift; path = UITestFixtures.swift; sourceTree = "<group>"; };
		AA1100112F5B000100535751 /* BoardedUITests.swift */ = {isa = PBXFileReference; lastKnownFileType = sourcecode.swift; path = BoardedUITests.swift; sourceTree = "<group>"; };
		AA1100122F5B000100535751 /* BoardedUITests.xctest */ = {isa = PBXFileReference; explicitFileType = wrapper.cfbundle; includeInIndex = 0; path = BoardedUITests.xctest; sourceTree = BUILT_PRODUCTS_DIR; };
/* End PBXFileReference section */

/* Begin PBXFrameworksBuildPhase section */
		3CDD08202F59F69800535751 /* Frameworks */ = {
			isa = PBXFrameworksBuildPhase;
			buildActionMask = 2147483647;
			files = (
				3CDD08D92F5A06EE00535751 /* Storage in Frameworks */,
				3CDD08D52F5A06EE00535751 /* PostgREST in Frameworks */,
				3CDD08D32F5A06EE00535751 /* Functions in Frameworks */,
				3CDD08D12F5A06EE00535751 /* Auth in Frameworks */,
				3CDD08D72F5A06EE00535751 /* Realtime in Frameworks */,
				3CDD08C72F5A00C800535751 /* Supabase in Frameworks */,
			);
			runOnlyForDeploymentPostprocessing = 0;
		};
/* End PBXFrameworksBuildPhase section */

/* Begin PBXGroup section */
		3CDD081A2F59F69800535751 = {
			isa = PBXGroup;
			children = (
				3CDD08932F59FD5E00535751 /* Assets.xcassets */,
				3CDD08942F59FD5E00535751 /* BoardedApp.swift */,
				3CDD08992F59FD6900535751 /* RootView.swift */,
				3CDD09182F5A200100535751 /* BoardedTests */,
				AA1100132F5B000100535751 /* BoardedUITests */,
				3CDD08EC2F5A072900535751 /* Views */,
				3CDD08902F59FBD700535751 /* Theme.swift */,
				3CDD08752F59FBB600535751 /* Models */,
				3CDD08772F59FBB600535751 /* Services */,
				CC1100192F5D000100535751 /* Persistence */,
				3CDD08242F59F69900535751 /* Products */,
				3CDD08FB2F5A0A0300535751 /* ViewModels */,
				AA1100402F5B000100535751 /* CormorantGaramond-SemiBoldItalic.ttf */,
				AA1100412F5B000100535751 /* Cormorant-Garamond-OFL.txt */,
			);
			sourceTree = "<group>";
		};
		3CDD08242F59F69900535751 /* Products */ = {
			isa = PBXGroup;
			children = (
				3CDD08232F59F69900535751 /* Boarded.app */,
				3CDD09192F5A200100535751 /* BoardedTests.xctest */,
				AA1100122F5B000100535751 /* BoardedUITests.xctest */,
			);
			name = Products;
			sourceTree = "<group>";
		};
		3CDD08752F59FBB600535751 /* Models */ = {
			isa = PBXGroup;
			children = (
				3CDD08CA2F5A067100535751 /* ProfileModels.swift */,
				3CDD09122F5A200100535751 /* ProfileStatistics.swift */,
				CC1100012F5D000100535751 /* SocialModels.swift */,
				CC1100032F5D000100535751 /* GradeCatalog.swift */,
			);
			name = Models;
			path = Boarded/Models;
			sourceTree = "<group>";
		};
		3CDD08772F59FBB600535751 /* Services */ = {
			isa = PBXGroup;
			children = (
				3CDD09102F5A200100535751 /* ProfileRepository.swift */,
				3CDD08C82F5A064A00535751 /* SupabaseConfig.swift */,
				CC1100052F5D000100535751 /* AppServices.swift */,
				CC1100072F5D000100535751 /* SessionRepository.swift */,
				CC1100092F5D000100535751 /* FeedRepository.swift */,
				CC11000B2F5D000100535751 /* MeetupRepository.swift */,
				CC11000D2F5D000100535751 /* SessionSyncService.swift */,
				DD00010C2F70000100535751 /* UITestFixtures.swift */,
			);
			name = Services;
			path = Boarded/Services;
			sourceTree = "<group>";
		};
		CC1100192F5D000100535751 /* Persistence */ = {
			isa = PBXGroup;
			children = (
				CC11000F2F5D000100535751 /* PendingModels.swift */,
			);
			name = Persistence;
			path = Boarded/Persistence;
			sourceTree = "<group>";
		};
		3CDD08EB2F5A072900535751 /* Shared */ = {
			isa = PBXGroup;
			children = (
				3CDD08EA2F5A072900535751 /* SearchField.swift */,
				BB2200132F5C000100535751 /* BoardedPrimitives.swift */,
			);
			path = Shared;
			sourceTree = "<group>";
		};
		3CDD08EC2F5A072900535751 /* Views */ = {
			isa = PBXGroup;
			children = (
				3CDD08EB2F5A072900535751 /* Shared */,
				DD0001022F70000100535751 /* Formatting.swift */,
				DD0001032F70000100535751 /* AuthenticationView.swift */,
				DD0001042F70000100535751 /* SessionPostCard.swift */,
				DD0001052F70000100535751 /* HomeFeedView.swift */,
				DD0001062F70000100535751 /* SessionPostDetailView.swift */,
				DD0001072F70000100535751 /* ActiveSessionStore.swift */,
				DD0001082F70000100535751 /* LogViews.swift */,
				DD0001092F70000100535751 /* ShareSessionComposer.swift */,
				DD00010A2F70000100535751 /* MeetupViews.swift */,
				DD00010B2F70000100535751 /* ProfileViews.swift */,
			);
			name = Views;
			path = Boarded/Views;
			sourceTree = "<group>";
		};
		3CDD08FB2F5A0A0300535751 /* ViewModels */ = {
			isa = PBXGroup;
			children = (
				3CDD08F72F5A0A0300535751 /* AppSession.swift */,
				CC1100112F5D000100535751 /* HomeFeedViewModel.swift */,
				CC1100132F5D000100535751 /* SessionLoggerViewModel.swift */,
				CC1100152F5D000100535751 /* SessionPostDetailViewModel.swift */,
				CC1100172F5D000100535751 /* MeetupsViewModel.swift */,
			);
			path = ViewModels;
			sourceTree = "<group>";
		};
		3CDD09182F5A200100535751 /* BoardedTests */ = {
			isa = PBXGroup;
			children = (
				3CDD09142F5A200100535751 /* ProfileStatisticsTests.swift */,
				AA1100212F5B000100535751 /* NativeContractTests.swift */,
			);
			path = BoardedTests;
			sourceTree = "<group>";
		};
		AA1100132F5B000100535751 /* BoardedUITests */ = {
			isa = PBXGroup;
			children = (
				AA1100112F5B000100535751 /* BoardedUITests.swift */,
			);
			path = BoardedUITests;
			sourceTree = "<group>";
		};
/* End PBXGroup section */

/* Begin PBXNativeTarget section */
		3CDD08222F59F69800535751 /* Boarded */ = {
			isa = PBXNativeTarget;
			buildConfigurationList = 3CDD082E2F59F69A00535751 /* Build configuration list for PBXNativeTarget "Boarded" */;
			buildPhases = (
				3CDD081F2F59F69800535751 /* Sources */,
				3CDD08202F59F69800535751 /* Frameworks */,
				3CDD08212F59F69800535751 /* Resources */,
			);
			buildRules = (
			);
			dependencies = (
			);
			name = Boarded;
			packageProductDependencies = (
				3CDD08C62F5A00C800535751 /* Supabase */,
				3CDD08D02F5A06EE00535751 /* Auth */,
				3CDD08D22F5A06EE00535751 /* Functions */,
				3CDD08D42F5A06EE00535751 /* PostgREST */,
				3CDD08D62F5A06EE00535751 /* Realtime */,
				3CDD08D82F5A06EE00535751 /* Storage */,
			);
			productName = Boarded;
			productReference = 3CDD08232F59F69900535751 /* Boarded.app */;
			productType = "com.apple.product-type.application";
		};
		3CDD091B2F5A200100535751 /* BoardedTests */ = {
			isa = PBXNativeTarget;
			buildConfigurationList = 3CDD091F2F5A200100535751 /* Build configuration list for PBXNativeTarget "BoardedTests" */;
			buildPhases = (
				3CDD091A2F5A200100535751 /* BoardedTests Sources */,
			);
			buildRules = (
			);
			dependencies = (
				3CDD09202F5A200100535751 /* Boarded in Targets */,
			);
			name = BoardedTests;
			productName = BoardedTests;
			productReference = 3CDD09192F5A200100535751 /* BoardedTests.xctest */;
			productType = "com.apple.product-type.bundle.unit-test";
		};
		AA1100152F5B000100535751 /* BoardedUITests */ = {
			isa = PBXNativeTarget;
			buildConfigurationList = AA1100162F5B000100535751 /* Build configuration list for PBXNativeTarget "BoardedUITests" */;
			buildPhases = (
				AA1100142F5B000100535751 /* BoardedUITests Sources */,
			);
			buildRules = ();
			dependencies = (
				AA11001A2F5B000100535751 /* Boarded in Targets */,
			);
			name = BoardedUITests;
			productName = BoardedUITests;
			productReference = AA1100122F5B000100535751 /* BoardedUITests.xctest */;
			productType = "com.apple.product-type.bundle.ui-testing";
		};
/* End PBXNativeTarget section */

/* Begin PBXProject section */
		3CDD081B2F59F69800535751 /* Project object */ = {
			isa = PBXProject;
			attributes = {
				BuildIndependentTargetsInParallel = 1;
				LastSwiftUpdateCheck = 2620;
				LastUpgradeCheck = 2620;
				TargetAttributes = {
					3CDD08222F59F69800535751 = {
						CreatedOnToolsVersion = 26.2;
					};
					AA1100152F5B000100535751 = {
						CreatedOnToolsVersion = 26.2;
						TestTargetID = 3CDD08222F59F69800535751;
					};
					3CDD091B2F5A200100535751 = {
						CreatedOnToolsVersion = 26.2;
						TestTargetID = 3CDD08222F59F69800535751;
					};
				};
			};
			buildConfigurationList = 3CDD081E2F59F69800535751 /* Build configuration list for PBXProject "Boarded" */;
			developmentRegion = en;
			hasScannedForEncodings = 0;
			knownRegions = (
				en,
				Base,
			);
			mainGroup = 3CDD081A2F59F69800535751;
			minimizedProjectReferenceProxies = 1;
			packageReferences = (
				3CDD08542F59F85700535751 /* XCRemoteSwiftPackageReference "supabase-swift" */,
			);
			preferredProjectObjectVersion = 77;
			productRefGroup = 3CDD08242F59F69900535751 /* Products */;
			projectDirPath = "";
			projectRoot = "";
			targets = (
				3CDD08222F59F69800535751 /* Boarded */,
				3CDD091B2F5A200100535751 /* BoardedTests */,
				AA1100152F5B000100535751 /* BoardedUITests */,
			);
		};
/* End PBXProject section */

/* Begin PBXResourcesBuildPhase section */
		3CDD08212F59F69800535751 /* Resources */ = {
			isa = PBXResourcesBuildPhase;
			buildActionMask = 2147483647;
			files = (
				3CDD08982F59FD5E00535751 /* Assets.xcassets in Resources */,
				AA1100422F5B000100535751 /* CormorantGaramond-SemiBoldItalic.ttf in Resources */,
				AA1100432F5B000100535751 /* Cormorant-Garamond-OFL.txt in Resources */,
			);
			runOnlyForDeploymentPostprocessing = 0;
		};
/* End PBXResourcesBuildPhase section */

/* Begin PBXSourcesBuildPhase section */
		3CDD081F2F59F69800535751 /* Sources */ = {
			isa = PBXSourcesBuildPhase;
			buildActionMask = 2147483647;
			files = (
				3CDD09132F5A200100535751 /* ProfileStatistics.swift in Sources */,
				3CDD09112F5A200100535751 /* ProfileRepository.swift in Sources */,
				3CDD089A2F59FD6900535751 /* RootView.swift in Sources */,
				3CDD08922F59FBD700535751 /* Theme.swift in Sources */,
				3CDD08962F59FD5E00535751 /* BoardedApp.swift in Sources */,
				3CDD08CB2F5A067100535751 /* ProfileModels.swift in Sources */,
				3CDD08EE2F5A072900535751 /* SearchField.swift in Sources */,
				3CDD08FF2F5A0A0300535751 /* AppSession.swift in Sources */,
				3CDD08C92F5A064A00535751 /* SupabaseConfig.swift in Sources */,
				BB2200032F5C000100535751 /* BoardedPrimitives.swift in Sources */,
				CC1100022F5D000100535751 /* SocialModels.swift in Sources */,
				CC1100042F5D000100535751 /* GradeCatalog.swift in Sources */,
				CC1100062F5D000100535751 /* AppServices.swift in Sources */,
				CC1100082F5D000100535751 /* SessionRepository.swift in Sources */,
				CC11000A2F5D000100535751 /* FeedRepository.swift in Sources */,
				CC11000C2F5D000100535751 /* MeetupRepository.swift in Sources */,
				CC11000E2F5D000100535751 /* SessionSyncService.swift in Sources */,
				CC1100102F5D000100535751 /* PendingModels.swift in Sources */,
				CC1100122F5D000100535751 /* HomeFeedViewModel.swift in Sources */,
				CC1100142F5D000100535751 /* SessionLoggerViewModel.swift in Sources */,
				CC1100162F5D000100535751 /* SessionPostDetailViewModel.swift in Sources */,
				CC1100182F5D000100535751 /* MeetupsViewModel.swift in Sources */,
				DD0000022F70000100535751 /* Formatting.swift in Sources */,
				DD0000032F70000100535751 /* AuthenticationView.swift in Sources */,
				DD0000042F70000100535751 /* SessionPostCard.swift in Sources */,
				DD0000052F70000100535751 /* HomeFeedView.swift in Sources */,
				DD0000062F70000100535751 /* SessionPostDetailView.swift in Sources */,
				DD0000072F70000100535751 /* ActiveSessionStore.swift in Sources */,
				DD0000082F70000100535751 /* LogViews.swift in Sources */,
				DD0000092F70000100535751 /* ShareSessionComposer.swift in Sources */,
				DD00000A2F70000100535751 /* MeetupViews.swift in Sources */,
				DD00000B2F70000100535751 /* ProfileViews.swift in Sources */,
				DD00000C2F70000100535751 /* UITestFixtures.swift in Sources */,
			);
			runOnlyForDeploymentPostprocessing = 0;
		};
		3CDD091A2F5A200100535751 /* BoardedTests Sources */ = {
			isa = PBXSourcesBuildPhase;
			buildActionMask = 2147483647;
			files = (
				3CDD09152F5A200100535751 /* ProfileStatisticsTests.swift in Sources */,
				AA1100202F5B000100535751 /* NativeContractTests.swift in Sources */,
			);
			runOnlyForDeploymentPostprocessing = 0;
		};
		AA1100142F5B000100535751 /* BoardedUITests Sources */ = {
			isa = PBXSourcesBuildPhase;
			buildActionMask = 2147483647;
			files = (
				AA1100102F5B000100535751 /* BoardedUITests.swift in Sources */,
			);
			runOnlyForDeploymentPostprocessing = 0;
		};
/* End PBXSourcesBuildPhase section */

/* Begin PBXTargetDependency section */
		3CDD09202F5A200100535751 /* Boarded in Targets */ = {
			isa = PBXTargetDependency;
			target = 3CDD08222F59F69800535751 /* Boarded */;
			targetProxy = 3CDD09212F5A200100535751 /* PBXContainerItemProxy */;
		};
		AA11001A2F5B000100535751 /* Boarded in Targets */ = {
			isa = PBXTargetDependency;
			target = 3CDD08222F59F69800535751 /* Boarded */;
			targetProxy = AA1100192F5B000100535751 /* PBXContainerItemProxy */;
		};
/* End PBXTargetDependency section */

/* Begin XCBuildConfiguration section */
		3CDD082C2F59F69A00535751 /* Debug */ = {
			isa = XCBuildConfiguration;
			buildSettings = {
				ALWAYS_SEARCH_USER_PATHS = NO;
				ASSETCATALOG_COMPILER_GENERATE_SWIFT_ASSET_SYMBOL_EXTENSIONS = YES;
				CLANG_ANALYZER_NONNULL = YES;
				CLANG_ANALYZER_NUMBER_OBJECT_CONVERSION = YES_AGGRESSIVE;
				CLANG_CXX_LANGUAGE_STANDARD = "gnu++20";
				CLANG_ENABLE_MODULES = YES;
				CLANG_ENABLE_OBJC_ARC = YES;
				CLANG_ENABLE_OBJC_WEAK = YES;
				CLANG_WARN_BLOCK_CAPTURE_AUTORELEASING = YES;
				CLANG_WARN_BOOL_CONVERSION = YES;
				CLANG_WARN_COMMA = YES;
				CLANG_WARN_CONSTANT_CONVERSION = YES;
				CLANG_WARN_DEPRECATED_OBJC_IMPLEMENTATIONS = YES;
				CLANG_WARN_DIRECT_OBJC_ISA_USAGE = YES_ERROR;
				CLANG_WARN_DOCUMENTATION_COMMENTS = YES;
				CLANG_WARN_EMPTY_BODY = YES;
				CLANG_WARN_ENUM_CONVERSION = YES;
				CLANG_WARN_INFINITE_RECURSION = YES;
				CLANG_WARN_INT_CONVERSION = YES;
				CLANG_WARN_NON_LITERAL_NULL_CONVERSION = YES;
				CLANG_WARN_OBJC_IMPLICIT_RETAIN_SELF = YES;
				CLANG_WARN_OBJC_LITERAL_CONVERSION = YES;
				CLANG_WARN_OBJC_ROOT_CLASS = YES_ERROR;
				CLANG_WARN_QUOTED_INCLUDE_IN_FRAMEWORK_HEADER = YES;
				CLANG_WARN_RANGE_LOOP_ANALYSIS = YES;
				CLANG_WARN_STRICT_PROTOTYPES = YES;
				CLANG_WARN_SUSPICIOUS_MOVE = YES;
				CLANG_WARN_UNGUARDED_AVAILABILITY = YES_AGGRESSIVE;
				CLANG_WARN_UNREACHABLE_CODE = YES;
				CLANG_WARN__DUPLICATE_METHOD_MATCH = YES;
				COPY_PHASE_STRIP = NO;
				DEBUG_INFORMATION_FORMAT = dwarf;
				DEVELOPMENT_TEAM = UQ6DWXPFFY;
				ENABLE_STRICT_OBJC_MSGSEND = YES;
				ENABLE_TESTABILITY = YES;
				ENABLE_USER_SCRIPT_SANDBOXING = YES;
				GCC_C_LANGUAGE_STANDARD = gnu17;
				GCC_DYNAMIC_NO_PIC = NO;
				GCC_NO_COMMON_BLOCKS = YES;
				GCC_OPTIMIZATION_LEVEL = 0;
				GCC_PREPROCESSOR_DEFINITIONS = (
					"DEBUG=1",
					"$(inherited)",
				);
				GCC_WARN_64_TO_32_BIT_CONVERSION = YES;
				GCC_WARN_ABOUT_RETURN_TYPE = YES_ERROR;
				GCC_WARN_UNDECLARED_SELECTOR = YES;
				GCC_WARN_UNINITIALIZED_AUTOS = YES_AGGRESSIVE;
				GCC_WARN_UNUSED_FUNCTION = YES;
				GCC_WARN_UNUSED_VARIABLE = YES;
				IPHONEOS_DEPLOYMENT_TARGET = 18.0;
				LOCALIZATION_PREFERS_STRING_CATALOGS = YES;
				MTL_ENABLE_DEBUG_INFO = INCLUDE_SOURCE;
				MTL_FAST_MATH = YES;
				ONLY_ACTIVE_ARCH = YES;
				SDKROOT = iphoneos;
				SWIFT_ACTIVE_COMPILATION_CONDITIONS = "DEBUG $(inherited)";
				SWIFT_OPTIMIZATION_LEVEL = "-Onone";
			};
			name = Debug;
		};
		3CDD082D2F59F69A00535751 /* Release */ = {
			isa = XCBuildConfiguration;
			buildSettings = {
				ALWAYS_SEARCH_USER_PATHS = NO;
				ASSETCATALOG_COMPILER_GENERATE_SWIFT_ASSET_SYMBOL_EXTENSIONS = YES;
				CLANG_ANALYZER_NONNULL = YES;
				CLANG_ANALYZER_NUMBER_OBJECT_CONVERSION = YES_AGGRESSIVE;
				CLANG_CXX_LANGUAGE_STANDARD = "gnu++20";
				CLANG_ENABLE_MODULES = YES;
				CLANG_ENABLE_OBJC_ARC = YES;
				CLANG_ENABLE_OBJC_WEAK = YES;
				CLANG_WARN_BLOCK_CAPTURE_AUTORELEASING = YES;
				CLANG_WARN_BOOL_CONVERSION = YES;
				CLANG_WARN_COMMA = YES;
				CLANG_WARN_CONSTANT_CONVERSION = YES;
				CLANG_WARN_DEPRECATED_OBJC_IMPLEMENTATIONS = YES;
				CLANG_WARN_DIRECT_OBJC_ISA_USAGE = YES_ERROR;
				CLANG_WARN_DOCUMENTATION_COMMENTS = YES;
				CLANG_WARN_EMPTY_BODY = YES;
				CLANG_WARN_ENUM_CONVERSION = YES;
				CLANG_WARN_INFINITE_RECURSION = YES;
				CLANG_WARN_INT_CONVERSION = YES;
				CLANG_WARN_NON_LITERAL_NULL_CONVERSION = YES;
				CLANG_WARN_OBJC_IMPLICIT_RETAIN_SELF = YES;
				CLANG_WARN_OBJC_LITERAL_CONVERSION = YES;
				CLANG_WARN_OBJC_ROOT_CLASS = YES_ERROR;
				CLANG_WARN_QUOTED_INCLUDE_IN_FRAMEWORK_HEADER = YES;
				CLANG_WARN_RANGE_LOOP_ANALYSIS = YES;
				CLANG_WARN_STRICT_PROTOTYPES = YES;
				CLANG_WARN_SUSPICIOUS_MOVE = YES;
				CLANG_WARN_UNGUARDED_AVAILABILITY = YES_AGGRESSIVE;
				CLANG_WARN_UNREACHABLE_CODE = YES;
				CLANG_WARN__DUPLICATE_METHOD_MATCH = YES;
				COPY_PHASE_STRIP = NO;
				DEBUG_INFORMATION_FORMAT = "dwarf-with-dsym";
				DEVELOPMENT_TEAM = UQ6DWXPFFY;
				ENABLE_NS_ASSERTIONS = NO;
				ENABLE_STRICT_OBJC_MSGSEND = YES;
				ENABLE_USER_SCRIPT_SANDBOXING = YES;
				GCC_C_LANGUAGE_STANDARD = gnu17;
				GCC_NO_COMMON_BLOCKS = YES;
				GCC_WARN_64_TO_32_BIT_CONVERSION = YES;
				GCC_WARN_ABOUT_RETURN_TYPE = YES_ERROR;
				GCC_WARN_UNDECLARED_SELECTOR = YES;
				GCC_WARN_UNINITIALIZED_AUTOS = YES_AGGRESSIVE;
				GCC_WARN_UNUSED_FUNCTION = YES;
				GCC_WARN_UNUSED_VARIABLE = YES;
				IPHONEOS_DEPLOYMENT_TARGET = 18.0;
				LOCALIZATION_PREFERS_STRING_CATALOGS = YES;
				MTL_ENABLE_DEBUG_INFO = NO;
				MTL_FAST_MATH = YES;
				SDKROOT = iphoneos;
				SWIFT_COMPILATION_MODE = wholemodule;
				VALIDATE_PRODUCT = YES;
			};
			name = Release;
		};
		3CDD082F2F59F69A00535751 /* Debug */ = {
			isa = XCBuildConfiguration;
			buildSettings = {
				ASSETCATALOG_COMPILER_APPICON_NAME = AppIcon;
				ASSETCATALOG_COMPILER_GLOBAL_ACCENT_COLOR_NAME = AccentColor;
				CODE_SIGN_STYLE = Automatic;
				CURRENT_PROJECT_VERSION = 1;
				DEVELOPMENT_TEAM = UQ6DWXPFFY;
				ENABLE_PREVIEWS = YES;
				INFOPLIST_KEY_CFBundleDisplayName = Boarded;
				GENERATE_INFOPLIST_FILE = YES;
				INFOPLIST_FILE = Boarded/Info.plist;
				INFOPLIST_KEY_UIApplicationSceneManifest_Generation = YES;
				INFOPLIST_KEY_UIApplicationSupportsIndirectInputEvents = YES;
				INFOPLIST_KEY_UILaunchScreen_Generation = YES;
				INFOPLIST_KEY_UISupportedInterfaceOrientations_iPad = "UIInterfaceOrientationPortrait UIInterfaceOrientationPortraitUpsideDown UIInterfaceOrientationLandscapeLeft UIInterfaceOrientationLandscapeRight";
				INFOPLIST_KEY_UISupportedInterfaceOrientations_iPhone = "UIInterfaceOrientationPortrait UIInterfaceOrientationLandscapeLeft UIInterfaceOrientationLandscapeRight";
				LD_RUNPATH_SEARCH_PATHS = (
					"$(inherited)",
					"@executable_path/Frameworks",
				);
				MARKETING_VERSION = 0.1.3;
				PRODUCT_BUNDLE_IDENTIFIER = com.ian.Boarded;
				PRODUCT_NAME = "$(TARGET_NAME)";
				STRING_CATALOG_GENERATE_SYMBOLS = YES;
				SWIFT_APPROACHABLE_CONCURRENCY = YES;
				SWIFT_DEFAULT_ACTOR_ISOLATION = MainActor;
				SWIFT_EMIT_LOC_STRINGS = YES;
				SWIFT_UPCOMING_FEATURE_MEMBER_IMPORT_VISIBILITY = YES;
				SWIFT_VERSION = 5.0;
				TARGETED_DEVICE_FAMILY = "1,2";
			};
			name = Debug;
		};
		3CDD08302F59F69A00535751 /* Release */ = {
			isa = XCBuildConfiguration;
			buildSettings = {
				ASSETCATALOG_COMPILER_APPICON_NAME = AppIcon;
				ASSETCATALOG_COMPILER_GLOBAL_ACCENT_COLOR_NAME = AccentColor;
				CODE_SIGN_STYLE = Automatic;
				CURRENT_PROJECT_VERSION = 1;
				DEVELOPMENT_TEAM = UQ6DWXPFFY;
				ENABLE_PREVIEWS = YES;
				INFOPLIST_KEY_CFBundleDisplayName = Boarded;
				GENERATE_INFOPLIST_FILE = YES;
				INFOPLIST_FILE = Boarded/Info.plist;
				INFOPLIST_KEY_UIApplicationSceneManifest_Generation = YES;
				INFOPLIST_KEY_UIApplicationSupportsIndirectInputEvents = YES;
				INFOPLIST_KEY_UILaunchScreen_Generation = YES;
				INFOPLIST_KEY_UISupportedInterfaceOrientations_iPad = "UIInterfaceOrientationPortrait UIInterfaceOrientationPortraitUpsideDown UIInterfaceOrientationLandscapeLeft UIInterfaceOrientationLandscapeRight";
				INFOPLIST_KEY_UISupportedInterfaceOrientations_iPhone = "UIInterfaceOrientationPortrait UIInterfaceOrientationLandscapeLeft UIInterfaceOrientationLandscapeRight";
				LD_RUNPATH_SEARCH_PATHS = (
					"$(inherited)",
					"@executable_path/Frameworks",
				);
				MARKETING_VERSION = 0.1.3;
				PRODUCT_BUNDLE_IDENTIFIER = com.ian.Boarded;
				PRODUCT_NAME = "$(TARGET_NAME)";
				STRING_CATALOG_GENERATE_SYMBOLS = YES;
				SWIFT_APPROACHABLE_CONCURRENCY = YES;
				SWIFT_DEFAULT_ACTOR_ISOLATION = MainActor;
				SWIFT_EMIT_LOC_STRINGS = YES;
				SWIFT_UPCOMING_FEATURE_MEMBER_IMPORT_VISIBILITY = YES;
				SWIFT_VERSION = 5.0;
				TARGETED_DEVICE_FAMILY = "1,2";
			};
			name = Release;
		};
		3CDD091D2F5A200100535751 /* Debug */ = {
			isa = XCBuildConfiguration;
			buildSettings = {
				BUNDLE_LOADER = "$(TEST_HOST)";
				CODE_SIGN_STYLE = Automatic;
				DEVELOPMENT_TEAM = UQ6DWXPFFY;
				GENERATE_INFOPLIST_FILE = YES;
				PRODUCT_BUNDLE_IDENTIFIER = com.ian.BoardedTests;
				PRODUCT_NAME = "$(TARGET_NAME)";
				SWIFT_VERSION = 5.0;
				TEST_HOST = "$(BUILT_PRODUCTS_DIR)/Boarded.app/Boarded";
				TARGETED_DEVICE_FAMILY = "1,2";
			};
			name = Debug;
		};
		3CDD091E2F5A200100535751 /* Release */ = {
			isa = XCBuildConfiguration;
			buildSettings = {
				BUNDLE_LOADER = "$(TEST_HOST)";
				CODE_SIGN_STYLE = Automatic;
				DEVELOPMENT_TEAM = UQ6DWXPFFY;
				GENERATE_INFOPLIST_FILE = YES;
				PRODUCT_BUNDLE_IDENTIFIER = com.ian.BoardedTests;
				PRODUCT_NAME = "$(TARGET_NAME)";
				SWIFT_VERSION = 5.0;
				TEST_HOST = "$(BUILT_PRODUCTS_DIR)/Boarded.app/Boarded";
				TARGETED_DEVICE_FAMILY = "1,2";
			};
			name = Release;
		};
		AA1100172F5B000100535751 /* Debug */ = {
			isa = XCBuildConfiguration;
			buildSettings = { CODE_SIGN_STYLE = Automatic; DEVELOPMENT_TEAM = UQ6DWXPFFY; GENERATE_INFOPLIST_FILE = YES; PRODUCT_BUNDLE_IDENTIFIER = com.ian.BoardedUITests; PRODUCT_NAME = "$(TARGET_NAME)"; SWIFT_VERSION = 5.0; TARGETED_DEVICE_FAMILY = "1,2"; TEST_TARGET_NAME = Boarded; };
			name = Debug;
		};
		AA1100182F5B000100535751 /* Release */ = {
			isa = XCBuildConfiguration;
			buildSettings = { CODE_SIGN_STYLE = Automatic; DEVELOPMENT_TEAM = UQ6DWXPFFY; GENERATE_INFOPLIST_FILE = YES; PRODUCT_BUNDLE_IDENTIFIER = com.ian.BoardedUITests; PRODUCT_NAME = "$(TARGET_NAME)"; SWIFT_VERSION = 5.0; TARGETED_DEVICE_FAMILY = "1,2"; TEST_TARGET_NAME = Boarded; };
			name = Release;
		};
/* End XCBuildConfiguration section */

/* Begin XCConfigurationList section */
		3CDD091F2F5A200100535751 /* Build configuration list for PBXNativeTarget "BoardedTests" */ = {
			isa = XCConfigurationList;
			buildConfigurations = (
				3CDD091D2F5A200100535751 /* Debug */,
				3CDD091E2F5A200100535751 /* Release */,
			);
			defaultConfigurationIsVisible = 0;
			defaultConfigurationName = Release;
		};
		3CDD081E2F59F69800535751 /* Build configuration list for PBXProject "Boarded" */ = {
			isa = XCConfigurationList;
			buildConfigurations = (
				3CDD082C2F59F69A00535751 /* Debug */,
				3CDD082D2F59F69A00535751 /* Release */,
			);
			defaultConfigurationIsVisible = 0;
			defaultConfigurationName = Release;
		};
		3CDD082E2F59F69A00535751 /* Build configuration list for PBXNativeTarget "Boarded" */ = {
			isa = XCConfigurationList;
			buildConfigurations = (
				3CDD082F2F59F69A00535751 /* Debug */,
				3CDD08302F59F69A00535751 /* Release */,
			);
			defaultConfigurationIsVisible = 0;
			defaultConfigurationName = Release;
		};
		AA1100162F5B000100535751 /* Build configuration list for PBXNativeTarget "BoardedUITests" */ = {
			isa = XCConfigurationList;
			buildConfigurations = ( AA1100172F5B000100535751 /* Debug */, AA1100182F5B000100535751 /* Release */, );
			defaultConfigurationIsVisible = 0;
			defaultConfigurationName = Release;
		};
/* End XCConfigurationList section */

/* Begin XCRemoteSwiftPackageReference section */
		3CDD08542F59F85700535751 /* XCRemoteSwiftPackageReference "supabase-swift" */ = {
			isa = XCRemoteSwiftPackageReference;
			repositoryURL = "https://github.com/supabase/supabase-swift.git";
			requirement = {
				kind = upToNextMajorVersion;
				minimumVersion = 2.5.1;
			};
		};
/* End XCRemoteSwiftPackageReference section */

/* Begin XCSwiftPackageProductDependency section */
		3CDD08C62F5A00C800535751 /* Supabase */ = {
			isa = XCSwiftPackageProductDependency;
			package = 3CDD08542F59F85700535751 /* XCRemoteSwiftPackageReference "supabase-swift" */;
			productName = Supabase;
		};
		3CDD08D02F5A06EE00535751 /* Auth */ = {
			isa = XCSwiftPackageProductDependency;
			package = 3CDD08542F59F85700535751 /* XCRemoteSwiftPackageReference "supabase-swift" */;
			productName = Auth;
		};
		3CDD08D22F5A06EE00535751 /* Functions */ = {
			isa = XCSwiftPackageProductDependency;
			package = 3CDD08542F59F85700535751 /* XCRemoteSwiftPackageReference "supabase-swift" */;
			productName = Functions;
		};
		3CDD08D42F5A06EE00535751 /* PostgREST */ = {
			isa = XCSwiftPackageProductDependency;
			package = 3CDD08542F59F85700535751 /* XCRemoteSwiftPackageReference "supabase-swift" */;
			productName = PostgREST;
		};
		3CDD08D62F5A06EE00535751 /* Realtime */ = {
			isa = XCSwiftPackageProductDependency;
			package = 3CDD08542F59F85700535751 /* XCRemoteSwiftPackageReference "supabase-swift" */;
			productName = Realtime;
		};
		3CDD08D82F5A06EE00535751 /* Storage */ = {
			isa = XCSwiftPackageProductDependency;
			package = 3CDD08542F59F85700535751 /* XCRemoteSwiftPackageReference "supabase-swift" */;
			productName = Storage;
		};
/* End XCSwiftPackageProductDependency section */
	};
	rootObject = 3CDD081B2F59F69800535751 /* Project object */;
}
